
Microsoft Visual Studio Solution File, Format Version 11.00
# Visual Studio 2010
Project("{F14B399A-7131-4C87-9E4B-1186C45EF12D}") = "balancesheet", "balancesheet\balancesheet.rptproj", "{49996731-B46B-425F-9D12-85136E79A700}"
EndProject
Global
	GlobalSection(SolutionConfigurationPlatforms) = preSolution
		Debug|Default = Debug|Default
		DebugLocal|Default = DebugLocal|Default
		Release|Default = Release|Default
	EndGlobalSection
	GlobalSection(ProjectConfigurationPlatforms) = postSolution
		{49996731-B46B-425F-9D12-85136E79A700}.Debug|Default.ActiveCfg = Debug
		{49996731-B46B-425F-9D12-85136E79A700}.Debug|Default.Build.0 = DebugLocal
		{49996731-B46B-425F-9D12-85136E79A700}.Debug|Default.Deploy.0 = DebugLocal
		{49996731-B46B-425F-9D12-85136E79A700}.DebugLocal|Default.ActiveCfg = DebugLocal
		{49996731-B46B-425F-9D12-85136E79A700}.DebugLocal|Default.Build.0 = DebugLocal
		{49996731-B46B-425F-9D12-85136E79A700}.Release|Default.ActiveCfg = Release
		{49996731-B46B-425F-9D12-85136E79A700}.Release|Default.Build.0 = Release
		{49996731-B46B-425F-9D12-85136E79A700}.Release|Default.Deploy.0 = Release
	EndGlobalSection
	GlobalSection(SolutionProperties) = preSolution
		HideSolutionNode = FALSE
	EndGlobalSection
EndGlobal
